
Microsoft Visual Studio Solution File, Format Version 12.00
# Visual Studio 15
VisualStudioVersion = 15.0.27703.2047
MinimumVisualStudioVersion = 10.0.40219.1
Project("{FAE04EC0-301F-11D3-BF4B-00C04F79EFBC}") = "AllianceAssociationBank.Crm", "AllianceAssociationBank.Crm\AllianceAssociationBank.Crm.csproj", "{3BC52E6D-8BBF-4405-8453-B67E2BD78BF7}"
EndProject
Project("{FAE04EC0-301F-11D3-BF4B-00C04F79EFBC}") = "AllianceAssociationBank.Crm.Tests", "AllianceAssociationBank.Crm.Tests\AllianceAssociationBank.Crm.Tests.csproj", "{2D82EFAA-664A-4293-AEC5-3107FDEB13B0}"
EndProject
Global
	GlobalSection(SolutionConfigurationPlatforms) = preSolution
		Debug|Any CPU = Debug|Any CPU
		Release|Any CPU = Release|Any CPU
	EndGlobalSection
	GlobalSection(ProjectConfigurationPlatforms) = postSolution
		{3BC52E6D-8BBF-4405-8453-B67E2BD78BF7}.Debug|Any CPU.ActiveCfg = Debug|Any CPU
		{3BC52E6D-8BBF-4405-8453-B67E2BD78BF7}.Debug|Any CPU.Build.0 = Debug|Any CPU
		{3BC52E6D-8BBF-4405-8453-B67E2BD78BF7}.Release|Any CPU.ActiveCfg = Release|Any CPU
		{3BC52E6D-8BBF-4405-8453-B67E2BD78BF7}.Release|Any CPU.Build.0 = Release|Any CPU
		{2D82EFAA-664A-4293-AEC5-3107FDEB13B0}.Debug|Any CPU.ActiveCfg = Debug|Any CPU
		{2D82EFAA-664A-4293-AEC5-3107FDEB13B0}.Debug|Any CPU.Build.0 = Debug|Any CPU
		{2D82EFAA-664A-4293-AEC5-3107FDEB13B0}.Release|Any CPU.ActiveCfg = Release|Any CPU
		{2D82EFAA-664A-4293-AEC5-3107FDEB13B0}.Release|Any CPU.Build.0 = Release|Any CPU
	EndGlobalSection
	GlobalSection(SolutionProperties) = preSolution
		HideSolutionNode = FALSE
	EndGlobalSection
	GlobalSection(ExtensibilityGlobals) = postSolution
		SolutionGuid = {45512427-561B-4D43-ADDD-E9EF86F6CB42}
	EndGlobalSection
EndGlobal
